
Microsoft Visual Studio Solution File, Format Version 12.00
Project("{FAE04EC0-301F-11D3-BF4B-00C04F79EFBC}") = "FAForever.FileFormats", "FAForever.FileFormats\FAForever.FileFormats.csproj", "{E540CA0E-2FF7-47E2-A1D4-92AE0E95C166}"
EndProject
Project("{FAE04EC0-301F-11D3-BF4B-00C04F79EFBC}") = "FAForever.FileFormats.Test", "FAForever.FileFormats.Test\FAForever.FileFormats.Test.csproj", "{D61D659D-9168-4E27-B0AB-ADCC7593F8EE}"
EndProject
Project("{FAE04EC0-301F-11D3-BF4B-00C04F79EFBC}") = "FAForever.FileFormats.Mesh", "FAForever.FileFormats.Mesh\FAForever.FileFormats.Mesh.csproj", "{1DCBAEEB-5E69-46E8-AF51-D0C6956F26E6}"
EndProject
Global
	GlobalSection(SolutionConfigurationPlatforms) = preSolution
		Debug|Any CPU = Debug|Any CPU
		Release|Any CPU = Release|Any CPU
	EndGlobalSection
	GlobalSection(ProjectConfigurationPlatforms) = postSolution
		{E540CA0E-2FF7-47E2-A1D4-92AE0E95C166}.Debug|Any CPU.ActiveCfg = Debug|Any CPU
		{E540CA0E-2FF7-47E2-A1D4-92AE0E95C166}.Debug|Any CPU.Build.0 = Debug|Any CPU
		{E540CA0E-2FF7-47E2-A1D4-92AE0E95C166}.Release|Any CPU.ActiveCfg = Release|Any CPU
		{E540CA0E-2FF7-47E2-A1D4-92AE0E95C166}.Release|Any CPU.Build.0 = Release|Any CPU
		{D61D659D-9168-4E27-B0AB-ADCC7593F8EE}.Debug|Any CPU.ActiveCfg = Debug|Any CPU
		{D61D659D-9168-4E27-B0AB-ADCC7593F8EE}.Debug|Any CPU.Build.0 = Debug|Any CPU
		{D61D659D-9168-4E27-B0AB-ADCC7593F8EE}.Release|Any CPU.ActiveCfg = Release|Any CPU
		{D61D659D-9168-4E27-B0AB-ADCC7593F8EE}.Release|Any CPU.Build.0 = Release|Any CPU
		{1DCBAEEB-5E69-46E8-AF51-D0C6956F26E6}.Debug|Any CPU.ActiveCfg = Debug|Any CPU
		{1DCBAEEB-5E69-46E8-AF51-D0C6956F26E6}.Debug|Any CPU.Build.0 = Debug|Any CPU
		{1DCBAEEB-5E69-46E8-AF51-D0C6956F26E6}.Release|Any CPU.ActiveCfg = Release|Any CPU
		{1DCBAEEB-5E69-46E8-AF51-D0C6956F26E6}.Release|Any CPU.Build.0 = Release|Any CPU
	EndGlobalSection
EndGlobal
